// !$*UTF8*$!
{
	archiveVersion = 1;
	classes = {
	};
	objectVersion = 56;
	objects = {

/* Begin PBXBuildFile section */
		6A6B6B4F293F40DF00D015E4 /* FavouriteModel.xcdatamodeld in Sources */ = {isa = PBXBuildFile; fileRef = 6A6B6B4D293F40DF00D015E4 /* FavouriteModel.xcdatamodeld */; };
		6A6B6B51293F412B00D015E4 /* DataController.swift in Sources */ = {isa = PBXBuildFile; fileRef = 6A6B6B50293F412B00D015E4 /* DataController.swift */; };
		6A6B6B56293F41F100D015E4 /* WeatherView.swift in Sources */ = {isa = PBXBuildFile; fileRef = 6A6B6B55293F41F100D015E4 /* WeatherView.swift */; };
		6A6B6B58293F424300D015E4 /* MainView.swift in Sources */ = {isa = PBXBuildFile; fileRef = 6A6B6B57293F424300D015E4 /* MainView.swift */; };
		6A6B6B5A293F443F00D015E4 /* AddFavouriteView.swift in Sources */ = {isa = PBXBuildFile; fileRef = 6A6B6B59293F443F00D015E4 /* AddFavouriteView.swift */; };
		6A9266BF2934CB6F00C55BF2 /* WeatherApp.swift in Sources */ = {isa = PBXBuildFile; fileRef = 6A9266BE2934CB6F00C55BF2 /* WeatherApp.swift */; };
		6A9266C32934CB7100C55BF2 /* Assets.xcassets in Resources */ = {isa = PBXBuildFile; fileRef = 6A9266C22934CB7100C55BF2 /* Assets.xcassets */; };
		6A9266C62934CB7100C55BF2 /* Preview Assets.xcassets in Resources */ = {isa = PBXBuildFile; fileRef = 6A9266C52934CB7100C55BF2 /* Preview Assets.xcassets */; };
		6A9266D52934CBA100C55BF2 /* FMI.swift in Sources */ = {isa = PBXBuildFile; fileRef = 6A9266D42934CBA100C55BF2 /* FMI.swift */; };
		6A9266DB2935045D00C55BF2 /* FMIParser.swift in Sources */ = {isa = PBXBuildFile; fileRef = 6A9266DA2935045D00C55BF2 /* FMIParser.swift */; };
		6A9266DF293507F100C55BF2 /* Place.swift in Sources */ = {isa = PBXBuildFile; fileRef = 6A9266DE293507F100C55BF2 /* Place.swift */; };
		6AB2F0BF2944F20300DC3FDD /* unitConversion.swift in Sources */ = {isa = PBXBuildFile; fileRef = 6AB2F0BE2944F20300DC3FDD /* unitConversion.swift */; };
		6AB2F0C12944F21E00DC3FDD /* geolocation.swift in Sources */ = {isa = PBXBuildFile; fileRef = 6AB2F0C02944F21E00DC3FDD /* geolocation.swift */; };
		6AB2F0C42944F3B400DC3FDD /* Localizable.strings in Resources */ = {isa = PBXBuildFile; fileRef = 6AB2F0C62944F3B400DC3FDD /* Localizable.strings */; };
		6AB86E6929432F3E00F9C500 /* CalendarView.swift in Sources */ = {isa = PBXBuildFile; fileRef = 6AB86E6829432F3E00F9C500 /* CalendarView.swift */; };
		6AB86E6E2943427900F9C500 /* CalendarRowView.swift in Sources */ = {isa = PBXBuildFile; fileRef = 6AB86E6D2943427900F9C500 /* CalendarRowView.swift */; };
		6AC73FC1293FBFAF00DA9CC2 /* FavouriteRowView.swift in Sources */ = {isa = PBXBuildFile; fileRef = 6AC73FC0293FBFAF00DA9CC2 /* FavouriteRowView.swift */; };
		6AD4A36D293789E60056D07F /* SpeechRecognition.swift in Sources */ = {isa = PBXBuildFile; fileRef = 6AD4A36C293789E60056D07F /* SpeechRecognition.swift */; };
		6AD4A376293B77260056D07F /* FavouriteView.swift in Sources */ = {isa = PBXBuildFile; fileRef = 6AD4A375293B77260056D07F /* FavouriteView.swift */; };
		6AD4A37A293CD1890056D07F /* SettingsView.swift in Sources */ = {isa = PBXBuildFile; fileRef = 6AD4A379293CD1890056D07F /* SettingsView.swift */; };
/* End PBXBuildFile section */

/* Begin PBXFileReference section */
		6A6B6B4E293F40DF00D015E4 /* FavouriteModel.xcdatamodel */ = {isa = PBXFileReference; lastKnownFileType = wrapper.xcdatamodel; path = FavouriteModel.xcdatamodel; sourceTree = "<group>"; };
		6A6B6B50293F412B00D015E4 /* DataController.swift */ = {isa = PBXFileReference; lastKnownFileType = sourcecode.swift; path = DataController.swift; sourceTree = "<group>"; };
		6A6B6B55293F41F100D015E4 /* WeatherView.swift */ = {isa = PBXFileReference; lastKnownFileType = sourcecode.swift; path = WeatherView.swift; sourceTree = "<group>"; };
		6A6B6B57293F424300D015E4 /* MainView.swift */ = {isa = PBXFileReference; lastKnownFileType = sourcecode.swift; path = MainView.swift; sourceTree = "<group>"; };
		6A6B6B59293F443F00D015E4 /* AddFavouriteView.swift */ = {isa = PBXFileReference; lastKnownFileType = sourcecode.swift; path = AddFavouriteView.swift; sourceTree = "<group>"; };
		6A9266BB2934CB6F00C55BF2 /* Weather.app */ = {isa = PBXFileReference; explicitFileType = wrapper.application; includeInIndex = 0; path = Weather.app; sourceTree = BUILT_PRODUCTS_DIR; };
		6A9266BE2934CB6F00C55BF2 /* WeatherApp.swift */ = {isa = PBXFileReference; lastKnownFileType = sourcecode.swift; path = WeatherApp.swift; sourceTree = "<group>"; };
		6A9266C22934CB7100C55BF2 /* Assets.xcassets */ = {isa = PBXFileReference; lastKnownFileType = folder.assetcatalog; path = Assets.xcassets; sourceTree = "<group>"; };
		6A9266C52934CB7100C55BF2 /* Preview Assets.xcassets */ = {isa = PBXFileReference; lastKnownFileType = folder.assetcatalog; path = "Preview Assets.xcassets"; sourceTree = "<group>"; };
		6A9266D42934CBA100C55BF2 /* FMI.swift */ = {isa = PBXFileReference; lastKnownFileType = sourcecode.swift; path = FMI.swift; sourceTree = "<group>"; };
		6A9266DA2935045D00C55BF2 /* FMIParser.swift */ = {isa = PBXFileReference; fileEncoding = 4; lastKnownFileType = sourcecode.swift; path = FMIParser.swift; sourceTree = "<group>"; };
		6A9266DE293507F100C55BF2 /* Place.swift */ = {isa = PBXFileReference; lastKnownFileType = sourcecode.swift; path = Place.swift; sourceTree = "<group>"; };
		6AB2F0BE2944F20300DC3FDD /* unitConversion.swift */ = {isa = PBXFileReference; lastKnownFileType = sourcecode.swift; path = unitConversion.swift; sourceTree = "<group>"; };
		6AB2F0C02944F21E00DC3FDD /* geolocation.swift */ = {isa = PBXFileReference; lastKnownFileType = sourcecode.swift; path = geolocation.swift; sourceTree = "<group>"; };
		6AB2F0C52944F3B400DC3FDD /* en */ = {isa = PBXFileReference; lastKnownFileType = text.plist.strings; name = en; path = en.lproj/Localizable.strings; sourceTree = "<group>"; };
		6AB2F0C72944F3B600DC3FDD /* fi */ = {isa = PBXFileReference; lastKnownFileType = text.plist.strings; name = fi; path = fi.lproj/Localizable.strings; sourceTree = "<group>"; };
		6AB86E6829432F3E00F9C500 /* CalendarView.swift */ = {isa = PBXFileReference; lastKnownFileType = sourcecode.swift; path = CalendarView.swift; sourceTree = "<group>"; };
		6AB86E6D2943427900F9C500 /* CalendarRowView.swift */ = {isa = PBXFileReference; lastKnownFileType = sourcecode.swift; path = CalendarRowView.swift; sourceTree = "<group>"; };
		6AC73FC0293FBFAF00DA9CC2 /* FavouriteRowView.swift */ = {isa = PBXFileReference; lastKnownFileType = sourcecode.swift; path = FavouriteRowView.swift; sourceTree = "<group>"; };
		6AD4A36C293789E60056D07F /* SpeechRecognition.swift */ = {isa = PBXFileReference; lastKnownFileType = sourcecode.swift; path = SpeechRecognition.swift; sourceTree = "<group>"; };
		6AD4A375293B77260056D07F /* FavouriteView.swift */ = {isa = PBXFileReference; lastKnownFileType = sourcecode.swift; path = FavouriteView.swift; sourceTree = "<group>"; };
		6AD4A379293CD1890056D07F /* SettingsView.swift */ = {isa = PBXFileReference; lastKnownFileType = sourcecode.swift; path = SettingsView.swift; sourceTree = "<group>"; };
/* End PBXFileReference section */

/* Begin PBXFrameworksBuildPhase section */
		6A9266B82934CB6F00C55BF2 /* Frameworks */ = {
			isa = PBXFrameworksBuildPhase;
			buildActionMask = 2147483647;
			files = (
			);
			runOnlyForDeploymentPostprocessing = 0;
		};
/* End PBXFrameworksBuildPhase section */

/* Begin PBXGroup section */
		6A6B6B4C293F40CD00D015E4 /* data */ = {
			isa = PBXGroup;
			children = (
				6A6B6B4D293F40DF00D015E4 /* FavouriteModel.xcdatamodeld */,
				6A6B6B50293F412B00D015E4 /* DataController.swift */,
			);
			path = data;
			sourceTree = "<group>";
		};
		6A6B6B52293F418600D015E4 /* favourites */ = {
			isa = PBXGroup;
			children = (
				6AD4A375293B77260056D07F /* FavouriteView.swift */,
				6A6B6B59293F443F00D015E4 /* AddFavouriteView.swift */,
				6AC73FC0293FBFAF00DA9CC2 /* FavouriteRowView.swift */,
			);
			path = favourites;
			sourceTree = "<group>";
		};
		6A6B6B53293F419000D015E4 /* settings */ = {
			isa = PBXGroup;
			children = (
				6AD4A379293CD1890056D07F /* SettingsView.swift */,
			);
			path = settings;
			sourceTree = "<group>";
		};
		6A6B6B54293F41E500D015E4 /* weather */ = {
			isa = PBXGroup;
			children = (
				6A6B6B55293F41F100D015E4 /* WeatherView.swift */,
			);
			path = weather;
			sourceTree = "<group>";
		};
		6A9266B22934CB6F00C55BF2 = {
			isa = PBXGroup;
			children = (
				6A9266BD2934CB6F00C55BF2 /* Weather */,
				6A9266BC2934CB6F00C55BF2 /* Products */,
			);
			sourceTree = "<group>";
		};
		6A9266BC2934CB6F00C55BF2 /* Products */ = {
			isa = PBXGroup;
			children = (
				6A9266BB2934CB6F00C55BF2 /* Weather.app */,
			);
			name = Products;
			sourceTree = "<group>";
		};
		6A9266BD2934CB6F00C55BF2 /* Weather */ = {
			isa = PBXGroup;
			children = (
				6AB2F0BD2944F1DE00DC3FDD /* location */,
				6AB2F0BC2944F1C800DC3FDD /* utility */,
				6A6B6B4C293F40CD00D015E4 /* data */,
				6AD4A36B2937898A0056D07F /* Dictation */,
				6A9266CD2934CB7A00C55BF2 /* views */,
				6A9266CC2934CB7500C55BF2 /* api */,
				6A9266BE2934CB6F00C55BF2 /* WeatherApp.swift */,
				6A9266C22934CB7100C55BF2 /* Assets.xcassets */,
				6A9266C42934CB7100C55BF2 /* Preview Content */,
				6AB2F0C62944F3B400DC3FDD /* Localizable.strings */,
			);
			path = Weather;
			sourceTree = "<group>";
		};
		6A9266C42934CB7100C55BF2 /* Preview Content */ = {
			isa = PBXGroup;
			children = (
				6A9266C52934CB7100C55BF2 /* Preview Assets.xcassets */,
			);
			path = "Preview Content";
			sourceTree = "<group>";
		};
		6A9266CC2934CB7500C55BF2 /* api */ = {
			isa = PBXGroup;
			children = (
				6A9266DA2935045D00C55BF2 /* FMIParser.swift */,
				6A9266D42934CBA100C55BF2 /* FMI.swift */,
				6A9266DE293507F100C55BF2 /* Place.swift */,
			);
			path = api;
			sourceTree = "<group>";
		};
		6A9266CD2934CB7A00C55BF2 /* views */ = {
			isa = PBXGroup;
			children = (
				6AB86E6729432F3100F9C500 /* calendar */,
				6A6B6B54293F41E500D015E4 /* weather */,
				6A6B6B53293F419000D015E4 /* settings */,
				6A6B6B52293F418600D015E4 /* favourites */,
				6A9266CE2934CB7E00C55BF2 /* main */,
			);
			path = views;
			sourceTree = "<group>";
		};
		6A9266CE2934CB7E00C55BF2 /* main */ = {
			isa = PBXGroup;
			children = (
				6A6B6B57293F424300D015E4 /* MainView.swift */,
			);
			path = main;
			sourceTree = "<group>";
		};
		6AB2F0BC2944F1C800DC3FDD /* utility */ = {
			isa = PBXGroup;
			children = (
				6AB2F0BE2944F20300DC3FDD /* unitConversion.swift */,
			);
			path = utility;
			sourceTree = "<group>";
		};
		6AB2F0BD2944F1DE00DC3FDD /* location */ = {
			isa = PBXGroup;
			children = (
				6AB2F0C02944F21E00DC3FDD /* geolocation.swift */,
			);
			path = location;
			sourceTree = "<group>";
		};
		6AB86E6729432F3100F9C500 /* calendar */ = {
			isa = PBXGroup;
			children = (
				6AB86E6829432F3E00F9C500 /* CalendarView.swift */,
				6AB86E6D2943427900F9C500 /* CalendarRowView.swift */,
			);
			path = calendar;
			sourceTree = "<group>";
		};
		6AD4A36B2937898A0056D07F /* Dictation */ = {
			isa = PBXGroup;
			children = (
				6AD4A36C293789E60056D07F /* SpeechRecognition.swift */,
			);
			path = Dictation;
			sourceTree = "<group>";
		};
/* End PBXGroup section */

/* Begin PBXNativeTarget section */
		6A9266BA2934CB6F00C55BF2 /* Weather */ = {
			isa = PBXNativeTarget;
			buildConfigurationList = 6A9266C92934CB7100C55BF2 /* Build configuration list for PBXNativeTarget "Weather" */;
			buildPhases = (
				6A9266B72934CB6F00C55BF2 /* Sources */,
				6A9266B82934CB6F00C55BF2 /* Frameworks */,
				6A9266B92934CB6F00C55BF2 /* Resources */,
			);
			buildRules = (
			);
			dependencies = (
			);
			name = Weather;
			productName = Weather;
			productReference = 6A9266BB2934CB6F00C55BF2 /* Weather.app */;
			productType = "com.apple.product-type.application";
		};
/* End PBXNativeTarget section */

/* Begin PBXProject section */
		6A9266B32934CB6F00C55BF2 /* Project object */ = {
			isa = PBXProject;
			attributes = {
				BuildIndependentTargetsInParallel = 1;
				LastSwiftUpdateCheck = 1400;
				LastUpgradeCheck = 1400;
				TargetAttributes = {
					6A9266BA2934CB6F00C55BF2 = {
						CreatedOnToolsVersion = 14.0.1;
					};
				};
			};
			buildConfigurationList = 6A9266B62934CB6F00C55BF2 /* Build configuration list for PBXProject "Weather" */;
			compatibilityVersion = "Xcode 14.0";
			developmentRegion = en;
			hasScannedForEncodings = 0;
			knownRegions = (
				en,
				Base,
				fi,
			);
			mainGroup = 6A9266B22934CB6F00C55BF2;
			productRefGroup = 6A9266BC2934CB6F00C55BF2 /* Products */;
			projectDirPath = "";
			projectRoot = "";
			targets = (
				6A9266BA2934CB6F00C55BF2 /* Weather */,
			);
		};
/* End PBXProject section */

/* Begin PBXResourcesBuildPhase section */
		6A9266B92934CB6F00C55BF2 /* Resources */ = {
			isa = PBXResourcesBuildPhase;
			buildActionMask = 2147483647;
			files = (
				6A9266C62934CB7100C55BF2 /* Preview Assets.xcassets in Resources */,
				6AB2F0C42944F3B400DC3FDD /* Localizable.strings in Resources */,
				6A9266C32934CB7100C55BF2 /* Assets.xcassets in Resources */,
			);
			runOnlyForDeploymentPostprocessing = 0;
		};
/* End PBXResourcesBuildPhase section */

/* Begin PBXSourcesBuildPhase section */
		6A9266B72934CB6F00C55BF2 /* Sources */ = {
			isa = PBXSourcesBuildPhase;
			buildActionMask = 2147483647;
			files = (
				6A6B6B56293F41F100D015E4 /* WeatherView.swift in Sources */,
				6A6B6B58293F424300D015E4 /* MainView.swift in Sources */,
				6A9266DF293507F100C55BF2 /* Place.swift in Sources */,
				6A6B6B4F293F40DF00D015E4 /* FavouriteModel.xcdatamodeld in Sources */,
				6A6B6B5A293F443F00D015E4 /* AddFavouriteView.swift in Sources */,
				6AB2F0BF2944F20300DC3FDD /* unitConversion.swift in Sources */,
				6A6B6B51293F412B00D015E4 /* DataController.swift in Sources */,
				6A9266BF2934CB6F00C55BF2 /* WeatherApp.swift in Sources */,
				6A9266D52934CBA100C55BF2 /* FMI.swift in Sources */,
				6AB86E6929432F3E00F9C500 /* CalendarView.swift in Sources */,
				6AD4A36D293789E60056D07F /* SpeechRecognition.swift in Sources */,
				6AC73FC1293FBFAF00DA9CC2 /* FavouriteRowView.swift in Sources */,
				6AB2F0C12944F21E00DC3FDD /* geolocation.swift in Sources */,
				6AD4A376293B77260056D07F /* FavouriteView.swift in Sources */,
				6A9266DB2935045D00C55BF2 /* FMIParser.swift in Sources */,
				6AB86E6E2943427900F9C500 /* CalendarRowView.swift in Sources */,
				6AD4A37A293CD1890056D07F /* SettingsView.swift in Sources */,
			);
			runOnlyForDeploymentPostprocessing = 0;
		};
/* End PBXSourcesBuildPhase section */

/* Begin PBXVariantGroup section */
		6AB2F0C62944F3B400DC3FDD /* Localizable.strings */ = {
			isa = PBXVariantGroup;
			children = (
				6AB2F0C52944F3B400DC3FDD /* en */,
				6AB2F0C72944F3B600DC3FDD /* fi */,
			);
			name = Localizable.strings;
			sourceTree = "<group>";
		};
/* End PBXVariantGroup section */

/* Begin XCBuildConfiguration section */
		6A9266C72934CB7100C55BF2 /* Debug */ = {
			isa = XCBuildConfiguration;
			buildSettings = {
				ALWAYS_SEARCH_USER_PATHS = NO;
				CLANG_ANALYZER_NONNULL = YES;
				CLANG_ANALYZER_NUMBER_OBJECT_CONVERSION = YES_AGGRESSIVE;
				CLANG_CXX_LANGUAGE_STANDARD = "gnu++20";
				CLANG_ENABLE_MODULES = YES;
				CLANG_ENABLE_OBJC_ARC = YES;
				CLANG_ENABLE_OBJC_WEAK = YES;
				CLANG_WARN_BLOCK_CAPTURE_AUTORELEASING = YES;
				CLANG_WARN_BOOL_CONVERSION = YES;
				CLANG_WARN_COMMA = YES;
				CLANG_WARN_CONSTANT_CONVERSION = YES;
				CLANG_WARN_DEPRECATED_OBJC_IMPLEMENTATIONS = YES;
				CLANG_WARN_DIRECT_OBJC_ISA_USAGE = YES_ERROR;
				CLANG_WARN_DOCUMENTATION_COMMENTS = YES;
				CLANG_WARN_EMPTY_BODY = YES;
				CLANG_WARN_ENUM_CONVERSION = YES;
				CLANG_WARN_INFINITE_RECURSION = YES;
				CLANG_WARN_INT_CONVERSION = YES;
				CLANG_WARN_NON_LITERAL_NULL_CONVERSION = YES;
				CLANG_WARN_OBJC_IMPLICIT_RETAIN_SELF = YES;
				CLANG_WARN_OBJC_LITERAL_CONVERSION = YES;
				CLANG_WARN_OBJC_ROOT_CLASS = YES_ERROR;
				CLANG_WARN_QUOTED_INCLUDE_IN_FRAMEWORK_HEADER = YES;
				CLANG_WARN_RANGE_LOOP_ANALYSIS = YES;
				CLANG_WARN_STRICT_PROTOTYPES = YES;
				CLANG_WARN_SUSPICIOUS_MOVE = YES;
				CLANG_WARN_UNGUARDED_AVAILABILITY = YES_AGGRESSIVE;
				CLANG_WARN_UNREACHABLE_CODE = YES;
				CLANG_WARN__DUPLICATE_METHOD_MATCH = YES;
				COPY_PHASE_STRIP = NO;
				DEBUG_INFORMATION_FORMAT = dwarf;
				ENABLE_STRICT_OBJC_MSGSEND = YES;
				ENABLE_TESTABILITY = YES;
				GCC_C_LANGUAGE_STANDARD = gnu11;
				GCC_DYNAMIC_NO_PIC = NO;
				GCC_NO_COMMON_BLOCKS = YES;
				GCC_OPTIMIZATION_LEVEL = 0;
				GCC_PREPROCESSOR_DEFINITIONS = (
					"DEBUG=1",
					"$(inherited)",
				);
				GCC_WARN_64_TO_32_BIT_CONVERSION = YES;
				GCC_WARN_ABOUT_RETURN_TYPE = YES_ERROR;
				GCC_WARN_UNDECLARED_SELECTOR = YES;
				GCC_WARN_UNINITIALIZED_AUTOS = YES_AGGRESSIVE;
				GCC_WARN_UNUSED_FUNCTION = YES;
				GCC_WARN_UNUSED_VARIABLE = YES;
				IPHONEOS_DEPLOYMENT_TARGET = 16.0;
				MTL_ENABLE_DEBUG_INFO = INCLUDE_SOURCE;
				MTL_FAST_MATH = YES;
				ONLY_ACTIVE_ARCH = YES;
				SDKROOT = iphoneos;
				SWIFT_ACTIVE_COMPILATION_CONDITIONS = DEBUG;
				SWIFT_OPTIMIZATION_LEVEL = "-Onone";
			};
			name = Debug;
		};
		6A9266C82934CB7100C55BF2 /* Release */ = {
			isa = XCBuildConfiguration;
			buildSettings = {
				ALWAYS_SEARCH_USER_PATHS = NO;
				CLANG_ANALYZER_NONNULL = YES;
				CLANG_ANALYZER_NUMBER_OBJECT_CONVERSION = YES_AGGRESSIVE;
				CLANG_CXX_LANGUAGE_STANDARD = "gnu++20";
				CLANG_ENABLE_MODULES = YES;
				CLANG_ENABLE_OBJC_ARC = YES;
				CLANG_ENABLE_OBJC_WEAK = YES;
				CLANG_WARN_BLOCK_CAPTURE_AUTORELEASING = YES;
				CLANG_WARN_BOOL_CONVERSION = YES;
				CLANG_WARN_COMMA = YES;
				CLANG_WARN_CONSTANT_CONVERSION = YES;
				CLANG_WARN_DEPRECATED_OBJC_IMPLEMENTATIONS = YES;
				CLANG_WARN_DIRECT_OBJC_ISA_USAGE = YES_ERROR;
				CLANG_WARN_DOCUMENTATION_COMMENTS = YES;
				CLANG_WARN_EMPTY_BODY = YES;
				CLANG_WARN_ENUM_CONVERSION = YES;
				CLANG_WARN_INFINITE_RECURSION = YES;
				CLANG_WARN_INT_CONVERSION = YES;
				CLANG_WARN_NON_LITERAL_NULL_CONVERSION = YES;
				CLANG_WARN_OBJC_IMPLICIT_RETAIN_SELF = YES;
				CLANG_WARN_OBJC_LITERAL_CONVERSION = YES;
				CLANG_WARN_OBJC_ROOT_CLASS = YES_ERROR;
				CLANG_WARN_QUOTED_INCLUDE_IN_FRAMEWORK_HEADER = YES;
				CLANG_WARN_RANGE_LOOP_ANALYSIS = YES;
				CLANG_WARN_STRICT_PROTOTYPES = YES;
				CLANG_WARN_SUSPICIOUS_MOVE = YES;
				CLANG_WARN_UNGUARDED_AVAILABILITY = YES_AGGRESSIVE;
				CLANG_WARN_UNREACHABLE_CODE = YES;
				CLANG_WARN__DUPLICATE_METHOD_MATCH = YES;
				COPY_PHASE_STRIP = NO;
				DEBUG_INFORMATION_FORMAT = "dwarf-with-dsym";
				ENABLE_NS_ASSERTIONS = NO;
				ENABLE_STRICT_OBJC_MSGSEND = YES;
				GCC_C_LANGUAGE_STANDARD = gnu11;
				GCC_NO_COMMON_BLOCKS = YES;
				GCC_WARN_64_TO_32_BIT_CONVERSION = YES;
				GCC_WARN_ABOUT_RETURN_TYPE = YES_ERROR;
				GCC_WARN_UNDECLARED_SELECTOR = YES;
				GCC_WARN_UNINITIALIZED_AUTOS = YES_AGGRESSIVE;
				GCC_WARN_UNUSED_FUNCTION = YES;
				GCC_WARN_UNUSED_VARIABLE = YES;
				IPHONEOS_DEPLOYMENT_TARGET = 16.0;
				MTL_ENABLE_DEBUG_INFO = NO;
				MTL_FAST_MATH = YES;
				SDKROOT = iphoneos;
				SWIFT_COMPILATION_MODE = wholemodule;
				SWIFT_OPTIMIZATION_LEVEL = "-O";
				VALIDATE_PRODUCT = YES;
			};
			name = Release;
		};
		6A9266CA2934CB7100C55BF2 /* Debug */ = {
			isa = XCBuildConfiguration;
			buildSettings = {
				ASSETCATALOG_COMPILER_APPICON_NAME = AppIcon;
				ASSETCATALOG_COMPILER_GLOBAL_ACCENT_COLOR_NAME = AccentColor;
				CODE_SIGN_STYLE = Automatic;
				CURRENT_PROJECT_VERSION = 1;
				DEVELOPMENT_ASSET_PATHS = "\"Weather/Preview Content\"";
				ENABLE_PREVIEWS = YES;
				GENERATE_INFOPLIST_FILE = YES;
				INFOPLIST_KEY_NSCalendarsUsageDescription = "Required for fetching weather for places in Calendar";
				INFOPLIST_KEY_NSLocationWhenInUseUsageDescription = "Used to locate users position";
				INFOPLIST_KEY_NSMicrophoneUsageDescription = "Used for dictation lmao";
				INFOPLIST_KEY_NSSpeechRecognitionUsageDescription = "Used for dictation lmao";
				INFOPLIST_KEY_UIApplicationSceneManifest_Generation = YES;
				INFOPLIST_KEY_UIApplicationSupportsIndirectInputEvents = YES;
				INFOPLIST_KEY_UILaunchScreen_Generation = YES;
				INFOPLIST_KEY_UISupportedInterfaceOrientations_iPad = "UIInterfaceOrientationPortrait UIInterfaceOrientationPortraitUpsideDown UIInterfaceOrientationLandscapeLeft UIInterfaceOrientationLandscapeRight";
				INFOPLIST_KEY_UISupportedInterfaceOrientations_iPhone = "UIInterfaceOrientationPortrait UIInterfaceOrientationLandscapeLeft UIInterfaceOrientationLandscapeRight";
				LD_RUNPATH_SEARCH_PATHS = (
					"$(inherited)",
					"@executable_path/Frameworks",
				);
				MARKETING_VERSION = 1.0;
				PRODUCT_BUNDLE_IDENTIFIER = fi.metropolia.saasallit.Weather;
				PRODUCT_NAME = "$(TARGET_NAME)";
				SWIFT_EMIT_LOC_STRINGS = YES;
				SWIFT_VERSION = 5.0;
				TARGETED_DEVICE_FAMILY = "1,2";
			};
			name = Debug;
		};
		6A9266CB2934CB7100C55BF2 /* Release */ = {
			isa = XCBuildConfiguration;
			buildSettings = {
				ASSETCATALOG_COMPILER_APPICON_NAME = AppIcon;
				ASSETCATALOG_COMPILER_GLOBAL_ACCENT_COLOR_NAME = AccentColor;
				CODE_SIGN_STYLE = Automatic;
				CURRENT_PROJECT_VERSION = 1;
				DEVELOPMENT_ASSET_PATHS = "\"Weather/Preview Content\"";
				ENABLE_PREVIEWS = YES;
				GENERATE_INFOPLIST_FILE = YES;
				INFOPLIST_KEY_NSCalendarsUsageDescription = "Required for fetching weather for places in Calendar";
				INFOPLIST_KEY_NSLocationWhenInUseUsageDescription = "Used to locate users position";
				INFOPLIST_KEY_NSMicrophoneUsageDescription = "Used for dictation lmao";
				INFOPLIST_KEY_NSSpeechRecognitionUsageDescription = "Used for dictation lmao";
				INFOPLIST_KEY_UIApplicationSceneManifest_Generation = YES;
				INFOPLIST_KEY_UIApplicationSupportsIndirectInputEvents = YES;
				INFOPLIST_KEY_UILaunchScreen_Generation = YES;
				INFOPLIST_KEY_UISupportedInterfaceOrientations_iPad = "UIInterfaceOrientationPortrait UIInterfaceOrientationPortraitUpsideDown UIInterfaceOrientationLandscapeLeft UIInterfaceOrientationLandscapeRight";
				INFOPLIST_KEY_UISupportedInterfaceOrientations_iPhone = "UIInterfaceOrientationPortrait UIInterfaceOrientationLandscapeLeft UIInterfaceOrientationLandscapeRight";
				LD_RUNPATH_SEARCH_PATHS = (
					"$(inherited)",
					"@executable_path/Frameworks",
				);
				MARKETING_VERSION = 1.0;
				PRODUCT_BUNDLE_IDENTIFIER = fi.metropolia.saasallit.Weather;
				PRODUCT_NAME = "$(TARGET_NAME)";
				SWIFT_EMIT_LOC_STRINGS = YES;
				SWIFT_VERSION = 5.0;
				TARGETED_DEVICE_FAMILY = "1,2";
			};
			name = Release;
		};
/* End XCBuildConfiguration section */

/* Begin XCConfigurationList section */
		6A9266B62934CB6F00C55BF2 /* Build configuration list for PBXProject "Weather" */ = {
			isa = XCConfigurationList;
			buildConfigurations = (
				6A9266C72934CB7100C55BF2 /* Debug */,
				6A9266C82934CB7100C55BF2 /* Release */,
			);
			defaultConfigurationIsVisible = 0;
			defaultConfigurationName = Release;
		};
		6A9266C92934CB7100C55BF2 /* Build configuration list for PBXNativeTarget "Weather" */ = {
			isa = XCConfigurationList;
			buildConfigurations = (
				6A9266CA2934CB7100C55BF2 /* Debug */,
				6A9266CB2934CB7100C55BF2 /* Release */,
			);
			defaultConfigurationIsVisible = 0;
			defaultConfigurationName = Release;
		};
/* End XCConfigurationList section */

/* Begin XCVersionGroup section */
		6A6B6B4D293F40DF00D015E4 /* FavouriteModel.xcdatamodeld */ = {
			isa = XCVersionGroup;
			children = (
				6A6B6B4E293F40DF00D015E4 /* FavouriteModel.xcdatamodel */,
			);
			currentVersion = 6A6B6B4E293F40DF00D015E4 /* FavouriteModel.xcdatamodel */;
			path = FavouriteModel.xcdatamodeld;
			sourceTree = "<group>";
			versionGroupType = wrapper.xcdatamodel;
		};
/* End XCVersionGroup section */
	};
	rootObject = 6A9266B32934CB6F00C55BF2 /* Project object */;
}
